// !$*UTF8*$!
{
	archiveVersion = 1;
	classes = {
	};
	objectVersion = 50;
	objects = {

/* Begin PBXBuildFile section */
		400180BB92CC47DEB11D5FDB /* Pods_tomato.framework in Frameworks */ = {isa = PBXBuildFile; fileRef = 958BFCDD9520B22738155C3D /* Pods_tomato.framework */; };
		7333B18520A2E2B100FB3AA4 /* AppDelegate.swift in Sources */ = {isa = PBXBuildFile; fileRef = 7333B18420A2E2B100FB3AA4 /* AppDelegate.swift */; };
		7333B18720A2E2B100FB3AA4 /* ViewController.swift in Sources */ = {isa = PBXBuildFile; fileRef = 7333B18620A2E2B100FB3AA4 /* ViewController.swift */; };
		7333B18A20A2E2B100FB3AA4 /* Main.storyboard in Resources */ = {isa = PBXBuildFile; fileRef = 7333B18820A2E2B100FB3AA4 /* Main.storyboard */; };
		7333B18D20A2E2B100FB3AA4 /* tomato.xcdatamodeld in Sources */ = {isa = PBXBuildFile; fileRef = 7333B18B20A2E2B100FB3AA4 /* tomato.xcdatamodeld */; };
		7333B18F20A2E2B300FB3AA4 /* Assets.xcassets in Resources */ = {isa = PBXBuildFile; fileRef = 7333B18E20A2E2B300FB3AA4 /* Assets.xcassets */; };
		7333B19220A2E2B300FB3AA4 /* LaunchScreen.storyboard in Resources */ = {isa = PBXBuildFile; fileRef = 7333B19020A2E2B300FB3AA4 /* LaunchScreen.storyboard */; };
		7333B19B20A2E70000FB3AA4 /* トマトのアイコン4.png in Resources */ = {isa = PBXBuildFile; fileRef = 7333B19A20A2E70000FB3AA4 /* トマトのアイコン4.png */; };
		7333B19D20A2E73900FB3AA4 /* 虫眼鏡の無料アイコン8.png in Resources */ = {isa = PBXBuildFile; fileRef = 7333B19C20A2E73900FB3AA4 /* 虫眼鏡の無料アイコン8.png */; };
		7333B19F20A2E78900FB3AA4 /* 人物アイコン.png in Resources */ = {isa = PBXBuildFile; fileRef = 7333B19E20A2E78900FB3AA4 /* 人物アイコン.png */; };
		7333B1A120A2EBBF00FB3AA4 /* GoogleService-Info.plist in Resources */ = {isa = PBXBuildFile; fileRef = 7333B1A020A2EBBF00FB3AA4 /* GoogleService-Info.plist */; };
/* End PBXBuildFile section */

/* Begin PBXFileReference section */
		3187B59B3A88216407415BDA /* Pods-tomato.debug.xcconfig */ = {isa = PBXFileReference; includeInIndex = 1; lastKnownFileType = text.xcconfig; name = "Pods-tomato.debug.xcconfig"; path = "Pods/Target Support Files/Pods-tomato/Pods-tomato.debug.xcconfig"; sourceTree = "<group>"; };
		7333B18120A2E2B100FB3AA4 /* tomato.app */ = {isa = PBXFileReference; explicitFileType = wrapper.application; includeInIndex = 0; path = tomato.app; sourceTree = BUILT_PRODUCTS_DIR; };
		7333B18420A2E2B100FB3AA4 /* AppDelegate.swift */ = {isa = PBXFileReference; lastKnownFileType = sourcecode.swift; path = AppDelegate.swift; sourceTree = "<group>"; };
		7333B18620A2E2B100FB3AA4 /* ViewController.swift */ = {isa = PBXFileReference; lastKnownFileType = sourcecode.swift; path = ViewController.swift; sourceTree = "<group>"; };
		7333B18920A2E2B100FB3AA4 /* Base */ = {isa = PBXFileReference; lastKnownFileType = file.storyboard; name = Base; path = Base.lproj/Main.storyboard; sourceTree = "<group>"; };
		7333B18C20A2E2B100FB3AA4 /* tomato.xcdatamodel */ = {isa = PBXFileReference; lastKnownFileType = wrapper.xcdatamodel; path = tomato.xcdatamodel; sourceTree = "<group>"; };
		7333B18E20A2E2B300FB3AA4 /* Assets.xcassets */ = {isa = PBXFileReference; lastKnownFileType = folder.assetcatalog; path = Assets.xcassets; sourceTree = "<group>"; };
		7333B19120A2E2B300FB3AA4 /* Base */ = {isa = PBXFileReference; lastKnownFileType = file.storyboard; name = Base; path = Base.lproj/LaunchScreen.storyboard; sourceTree = "<group>"; };
		7333B19320A2E2B300FB3AA4 /* Info.plist */ = {isa = PBXFileReference; lastKnownFileType = text.plist.xml; path = Info.plist; sourceTree = "<group>"; };
		7333B19A20A2E70000FB3AA4 /* トマトのアイコン4.png */ = {isa = PBXFileReference; lastKnownFileType = image.png; path = "トマトのアイコン4.png"; sourceTree = "<group>"; };
		7333B19C20A2E73900FB3AA4 /* 虫眼鏡の無料アイコン8.png */ = {isa = PBXFileReference; lastKnownFileType = image.png; path = "虫眼鏡の無料アイコン8.png"; sourceTree = "<group>"; };
		7333B19E20A2E78900FB3AA4 /* 人物アイコン.png */ = {isa = PBXFileReference; lastKnownFileType = image.png; path = "人物アイコン.png"; sourceTree = "<group>"; };
		7333B1A020A2EBBF00FB3AA4 /* GoogleService-Info.plist */ = {isa = PBXFileReference; fileEncoding = 4; lastKnownFileType = text.plist.xml; path = "GoogleService-Info.plist"; sourceTree = "<group>"; };
		958BFCDD9520B22738155C3D /* Pods_tomato.framework */ = {isa = PBXFileReference; explicitFileType = wrapper.framework; includeInIndex = 0; path = Pods_tomato.framework; sourceTree = BUILT_PRODUCTS_DIR; };
		CC949EA2FD07E458C12103E5 /* Pods-tomato.release.xcconfig */ = {isa = PBXFileReference; includeInIndex = 1; lastKnownFileType = text.xcconfig; name = "Pods-tomato.release.xcconfig"; path = "Pods/Target Support Files/Pods-tomato/Pods-tomato.release.xcconfig"; sourceTree = "<group>"; };
/* End PBXFileReference section */

/* Begin PBXFrameworksBuildPhase section */
		7333B17E20A2E2B100FB3AA4 /* Frameworks */ = {
			isa = PBXFrameworksBuildPhase;
			buildActionMask = 2147483647;
			files = (
				400180BB92CC47DEB11D5FDB /* Pods_tomato.framework in Frameworks */,
			);
			runOnlyForDeploymentPostprocessing = 0;
		};
/* End PBXFrameworksBuildPhase section */

/* Begin PBXGroup section */
		3E9957B8D8770E13201364E6 /* Frameworks */ = {
			isa = PBXGroup;
			children = (
				958BFCDD9520B22738155C3D /* Pods_tomato.framework */,
			);
			name = Frameworks;
			sourceTree = "<group>";
		};
		58D162C290F7B421FEA7A3E7 /* Pods */ = {
			isa = PBXGroup;
			children = (
				3187B59B3A88216407415BDA /* Pods-tomato.debug.xcconfig */,
				CC949EA2FD07E458C12103E5 /* Pods-tomato.release.xcconfig */,
			);
			name = Pods;
			sourceTree = "<group>";
		};
		7333B17820A2E2B100FB3AA4 = {
			isa = PBXGroup;
			children = (
				7333B18320A2E2B100FB3AA4 /* tomato */,
				7333B18220A2E2B100FB3AA4 /* Products */,
				58D162C290F7B421FEA7A3E7 /* Pods */,
				3E9957B8D8770E13201364E6 /* Frameworks */,
			);
			sourceTree = "<group>";
		};
		7333B18220A2E2B100FB3AA4 /* Products */ = {
			isa = PBXGroup;
			children = (
				7333B18120A2E2B100FB3AA4 /* tomato.app */,
			);
			name = Products;
			sourceTree = "<group>";
		};
		7333B18320A2E2B100FB3AA4 /* tomato */ = {
			isa = PBXGroup;
			children = (
				7333B18420A2E2B100FB3AA4 /* AppDelegate.swift */,
				7333B18620A2E2B100FB3AA4 /* ViewController.swift */,
				7333B19920A2E6EC00FB3AA4 /* images */,
				7333B18820A2E2B100FB3AA4 /* Main.storyboard */,
				7333B18E20A2E2B300FB3AA4 /* Assets.xcassets */,
				7333B1A020A2EBBF00FB3AA4 /* GoogleService-Info.plist */,
				7333B19020A2E2B300FB3AA4 /* LaunchScreen.storyboard */,
				7333B19320A2E2B300FB3AA4 /* Info.plist */,
				7333B18B20A2E2B100FB3AA4 /* tomato.xcdatamodeld */,
			);
			path = tomato;
			sourceTree = "<group>";
		};
		7333B19920A2E6EC00FB3AA4 /* images */ = {
			isa = PBXGroup;
			children = (
				7333B19A20A2E70000FB3AA4 /* トマトのアイコン4.png */,
				7333B19E20A2E78900FB3AA4 /* 人物アイコン.png */,
				7333B19C20A2E73900FB3AA4 /* 虫眼鏡の無料アイコン8.png */,
			);
			path = images;
			sourceTree = "<group>";
		};
/* End PBXGroup section */

/* Begin PBXNativeTarget section */
		7333B18020A2E2B100FB3AA4 /* tomato */ = {
			isa = PBXNativeTarget;
			buildConfigurationList = 7333B19620A2E2B300FB3AA4 /* Build configuration list for PBXNativeTarget "tomato" */;
			buildPhases = (
				83D7C68621CF42EF182E55DD /* [CP] Check Pods Manifest.lock */,
				7333B17D20A2E2B100FB3AA4 /* Sources */,
				7333B17E20A2E2B100FB3AA4 /* Frameworks */,
				7333B17F20A2E2B100FB3AA4 /* Resources */,
				907EAE1024AE8A8C8A6216DE /* [CP] Embed Pods Frameworks */,
			);
			buildRules = (
			);
			dependencies = (
			);
			name = tomato;
			productName = tomato;
			productReference = 7333B18120A2E2B100FB3AA4 /* tomato.app */;
			productType = "com.apple.product-type.application";
		};
/* End PBXNativeTarget section */

/* Begin PBXProject section */
		7333B17920A2E2B100FB3AA4 /* Project object */ = {
			isa = PBXProject;
			attributes = {
				LastSwiftUpdateCheck = 0930;
				LastUpgradeCheck = 0930;
				ORGANIZATIONNAME = "笹倉 一也";
				TargetAttributes = {
					7333B18020A2E2B100FB3AA4 = {
						CreatedOnToolsVersion = 9.3;
					};
				};
			};
			buildConfigurationList = 7333B17C20A2E2B100FB3AA4 /* Build configuration list for PBXProject "tomato" */;
			compatibilityVersion = "Xcode 9.3";
			developmentRegion = en;
			hasScannedForEncodings = 0;
			knownRegions = (
				en,
				Base,
			);
			mainGroup = 7333B17820A2E2B100FB3AA4;
			productRefGroup = 7333B18220A2E2B100FB3AA4 /* Products */;
			projectDirPath = "";
			projectRoot = "";
			targets = (
				7333B18020A2E2B100FB3AA4 /* tomato */,
			);
		};
/* End PBXProject section */

/* Begin PBXResourcesBuildPhase section */
		7333B17F20A2E2B100FB3AA4 /* Resources */ = {
			isa = PBXResourcesBuildPhase;
			buildActionMask = 2147483647;
			files = (
				7333B19F20A2E78900FB3AA4 /* 人物アイコン.png in Resources */,
				7333B19B20A2E70000FB3AA4 /* トマトのアイコン4.png in Resources */,
				7333B1A120A2EBBF00FB3AA4 /* GoogleService-Info.plist in Resources */,
				7333B19220A2E2B300FB3AA4 /* LaunchScreen.storyboard in Resources */,
				7333B19D20A2E73900FB3AA4 /* 虫眼鏡の無料アイコン8.png in Resources */,
				7333B18F20A2E2B300FB3AA4 /* Assets.xcassets in Resources */,
				7333B18A20A2E2B100FB3AA4 /* Main.storyboard in Resources */,
			);
			runOnlyForDeploymentPostprocessing = 0;
		};
/* End PBXResourcesBuildPhase section */

/* Begin PBXShellScriptBuildPhase section */
		83D7C68621CF42EF182E55DD /* [CP] Check Pods Manifest.lock */ = {
			isa = PBXShellScriptBuildPhase;
			buildActionMask = 2147483647;
			files = (
			);
			inputPaths = (
				"${PODS_PODFILE_DIR_PATH}/Podfile.lock",
				"${PODS_ROOT}/Manifest.lock",
			);
			name = "[CP] Check Pods Manifest.lock";
			outputPaths = (
				"$(DERIVED_FILE_DIR)/Pods-tomato-checkManifestLockResult.txt",
			);
			runOnlyForDeploymentPostprocessing = 0;
			shellPath = /bin/sh;
			shellScript = "diff \"${PODS_PODFILE_DIR_PATH}/Podfile.lock\" \"${PODS_ROOT}/Manifest.lock\" > /dev/null\nif [ $? != 0 ] ; then\n    # print error to STDERR\n    echo \"error: The sandbox is not in sync with the Podfile.lock. Run 'pod install' or update your CocoaPods installation.\" >&2\n    exit 1\nfi\n# This output is used by Xcode 'outputs' to avoid re-running this script phase.\necho \"SUCCESS\" > \"${SCRIPT_OUTPUT_FILE_0}\"\n";
			showEnvVarsInLog = 0;
		};
		907EAE1024AE8A8C8A6216DE /* [CP] Embed Pods Frameworks */ = {
			isa = PBXShellScriptBuildPhase;
			buildActionMask = 2147483647;
			files = (
			);
			inputPaths = (
				"${SRCROOT}/Pods/Target Support Files/Pods-tomato/Pods-tomato-frameworks.sh",
				"${BUILT_PRODUCTS_DIR}/GoogleToolboxForMac/GoogleToolboxForMac.framework",
				"${BUILT_PRODUCTS_DIR}/nanopb/nanopb.framework",
			);
			name = "[CP] Embed Pods Frameworks";
			outputPaths = (
				"${TARGET_BUILD_DIR}/${FRAMEWORKS_FOLDER_PATH}/GoogleToolboxForMac.framework",
				"${TARGET_BUILD_DIR}/${FRAMEWORKS_FOLDER_PATH}/nanopb.framework",
			);
			runOnlyForDeploymentPostprocessing = 0;
			shellPath = /bin/sh;
			shellScript = "\"${SRCROOT}/Pods/Target Support Files/Pods-tomato/Pods-tomato-frameworks.sh\"\n";
			showEnvVarsInLog = 0;
		};
/* End PBXShellScriptBuildPhase section */

/* Begin PBXSourcesBuildPhase section */
		7333B17D20A2E2B100FB3AA4 /* Sources */ = {
			isa = PBXSourcesBuildPhase;
			buildActionMask = 2147483647;
			files = (
				7333B18720A2E2B100FB3AA4 /* ViewController.swift in Sources */,
				7333B18D20A2E2B100FB3AA4 /* tomato.xcdatamodeld in Sources */,
				7333B18520A2E2B100FB3AA4 /* AppDelegate.swift in Sources */,
			);
			runOnlyForDeploymentPostprocessing = 0;
		};
/* End PBXSourcesBuildPhase section */

/* Begin PBXVariantGroup section */
		7333B18820A2E2B100FB3AA4 /* Main.storyboard */ = {
			isa = PBXVariantGroup;
			children = (
				7333B18920A2E2B100FB3AA4 /* Base */,
			);
			name = Main.storyboard;
			sourceTree = "<group>";
		};
		7333B19020A2E2B300FB3AA4 /* LaunchScreen.storyboard */ = {
			isa = PBXVariantGroup;
			children = (
				7333B19120A2E2B300FB3AA4 /* Base */,
			);
			name = LaunchScreen.storyboard;
			sourceTree = "<group>";
		};
/* End PBXVariantGroup section */

/* Begin XCBuildConfiguration section */
		7333B19420A2E2B300FB3AA4 /* Debug */ = {
			isa = XCBuildConfiguration;
			buildSettings = {
				ALWAYS_SEARCH_USER_PATHS = NO;
				CLANG_ANALYZER_NONNULL = YES;
				CLANG_ANALYZER_NUMBER_OBJECT_CONVERSION = YES_AGGRESSIVE;
				CLANG_CXX_LANGUAGE_STANDARD = "gnu++14";
				CLANG_CXX_LIBRARY = "libc++";
				CLANG_ENABLE_MODULES = YES;
				CLANG_ENABLE_OBJC_ARC = YES;
				CLANG_ENABLE_OBJC_WEAK = YES;
				CLANG_WARN_BLOCK_CAPTURE_AUTORELEASING = YES;
				CLANG_WARN_BOOL_CONVERSION = YES;
				CLANG_WARN_COMMA = YES;
				CLANG_WARN_CONSTANT_CONVERSION = YES;
				CLANG_WARN_DEPRECATED_OBJC_IMPLEMENTATIONS = YES;
				CLANG_WARN_DIRECT_OBJC_ISA_USAGE = YES_ERROR;
				CLANG_WARN_DOCUMENTATION_COMMENTS = YES;
				CLANG_WARN_EMPTY_BODY = YES;
				CLANG_WARN_ENUM_CONVERSION = YES;
				CLANG_WARN_INFINITE_RECURSION = YES;
				CLANG_WARN_INT_CONVERSION = YES;
				CLANG_WARN_NON_LITERAL_NULL_CONVERSION = YES;
				CLANG_WARN_OBJC_IMPLICIT_RETAIN_SELF = YES;
				CLANG_WARN_OBJC_LITERAL_CONVERSION = YES;
				CLANG_WARN_OBJC_ROOT_CLASS = YES_ERROR;
				CLANG_WARN_RANGE_LOOP_ANALYSIS = YES;
				CLANG_WARN_STRICT_PROTOTYPES = YES;
				CLANG_WARN_SUSPICIOUS_MOVE = YES;
				CLANG_WARN_UNGUARDED_AVAILABILITY = YES_AGGRESSIVE;
				CLANG_WARN_UNREACHABLE_CODE = YES;
				CLANG_WARN__DUPLICATE_METHOD_MATCH = YES;
				CODE_SIGN_IDENTITY = "iPhone Developer";
				COPY_PHASE_STRIP = NO;
				DEBUG_INFORMATION_FORMAT = dwarf;
				ENABLE_STRICT_OBJC_MSGSEND = YES;
				ENABLE_TESTABILITY = YES;
				GCC_C_LANGUAGE_STANDARD = gnu11;
				GCC_DYNAMIC_NO_PIC = NO;
				GCC_NO_COMMON_BLOCKS = YES;
				GCC_OPTIMIZATION_LEVEL = 0;
				GCC_PREPROCESSOR_DEFINITIONS = (
					"DEBUG=1",
					"$(inherited)",
				);
				GCC_WARN_64_TO_32_BIT_CONVERSION = YES;
				GCC_WARN_ABOUT_RETURN_TYPE = YES_ERROR;
				GCC_WARN_UNDECLARED_SELECTOR = YES;
				GCC_WARN_UNINITIALIZED_AUTOS = YES_AGGRESSIVE;
				GCC_WARN_UNUSED_FUNCTION = YES;
				GCC_WARN_UNUSED_VARIABLE = YES;
				IPHONEOS_DEPLOYMENT_TARGET = 11.3;
				MTL_ENABLE_DEBUG_INFO = YES;
				ONLY_ACTIVE_ARCH = YES;
				SDKROOT = iphoneos;
				SWIFT_ACTIVE_COMPILATION_CONDITIONS = DEBUG;
				SWIFT_OPTIMIZATION_LEVEL = "-Onone";
			};
			name = Debug;
		};
		7333B19520A2E2B300FB3AA4 /* Release */ = {
			isa = XCBuildConfiguration;
			buildSettings = {
				ALWAYS_SEARCH_USER_PATHS = NO;
				CLANG_ANALYZER_NONNULL = YES;
				CLANG_ANALYZER_NUMBER_OBJECT_CONVERSION = YES_AGGRESSIVE;
				CLANG_CXX_LANGUAGE_STANDARD = "gnu++14";
				CLANG_CXX_LIBRARY = "libc++";
				CLANG_ENABLE_MODULES = YES;
				CLANG_ENABLE_OBJC_ARC = YES;
				CLANG_ENABLE_OBJC_WEAK = YES;
				CLANG_WARN_BLOCK_CAPTURE_AUTORELEASING = YES;
				CLANG_WARN_BOOL_CONVERSION = YES;
				CLANG_WARN_COMMA = YES;
				CLANG_WARN_CONSTANT_CONVERSION = YES;
				CLANG_WARN_DEPRECATED_OBJC_IMPLEMENTATIONS = YES;
				CLANG_WARN_DIRECT_OBJC_ISA_USAGE = YES_ERROR;
				CLANG_WARN_DOCUMENTATION_COMMENTS = YES;
				CLANG_WARN_EMPTY_BODY = YES;
				CLANG_WARN_ENUM_CONVERSION = YES;
				CLANG_WARN_INFINITE_RECURSION = YES;
				CLANG_WARN_INT_CONVERSION = YES;
				CLANG_WARN_NON_LITERAL_NULL_CONVERSION = YES;
				CLANG_WARN_OBJC_IMPLICIT_RETAIN_SELF = YES;
				CLANG_WARN_OBJC_LITERAL_CONVERSION = YES;
				CLANG_WARN_OBJC_ROOT_CLASS = YES_ERROR;
				CLANG_WARN_RANGE_LOOP_ANALYSIS = YES;
				CLANG_WARN_STRICT_PROTOTYPES = YES;
				CLANG_WARN_SUSPICIOUS_MOVE = YES;
				CLANG_WARN_UNGUARDED_AVAILABILITY = YES_AGGRESSIVE;
				CLANG_WARN_UNREACHABLE_CODE = YES;
				CLANG_WARN__DUPLICATE_METHOD_MATCH = YES;
				CODE_SIGN_IDENTITY = "iPhone Developer";
				COPY_PHASE_STRIP = NO;
				DEBUG_INFORMATION_FORMAT = "dwarf-with-dsym";
				ENABLE_NS_ASSERTIONS = NO;
				ENABLE_STRICT_OBJC_MSGSEND = YES;
				GCC_C_LANGUAGE_STANDARD = gnu11;
				GCC_NO_COMMON_BLOCKS = YES;
				GCC_WARN_64_TO_32_BIT_CONVERSION = YES;
				GCC_WARN_ABOUT_RETURN_TYPE = YES_ERROR;
				GCC_WARN_UNDECLARED_SELECTOR = YES;
				GCC_WARN_UNINITIALIZED_AUTOS = YES_AGGRESSIVE;
				GCC_WARN_UNUSED_FUNCTION = YES;
				GCC_WARN_UNUSED_VARIABLE = YES;
				IPHONEOS_DEPLOYMENT_TARGET = 11.3;
				MTL_ENABLE_DEBUG_INFO = NO;
				SDKROOT = iphoneos;
				SWIFT_COMPILATION_MODE = wholemodule;
				SWIFT_OPTIMIZATION_LEVEL = "-O";
				VALIDATE_PRODUCT = YES;
			};
			name = Release;
		};
		7333B19720A2E2B300FB3AA4 /* Debug */ = {
			isa = XCBuildConfiguration;
			baseConfigurationReference = 3187B59B3A88216407415BDA /* Pods-tomato.debug.xcconfig */;
			buildSettings = {
				ASSETCATALOG_COMPILER_APPICON_NAME = AppIcon;
				CODE_SIGN_STYLE = Automatic;
				DEVELOPMENT_TEAM = VNAV5S2KU6;
				INFOPLIST_FILE = tomato/Info.plist;
				LD_RUNPATH_SEARCH_PATHS = "$(inherited) @executable_path/Frameworks";
				PRODUCT_BUNDLE_IDENTIFIER = jp.88company.tomato;
				PRODUCT_NAME = "$(TARGET_NAME)";
				SWIFT_VERSION = 4.0;
				TARGETED_DEVICE_FAMILY = "1,2";
			};
			name = Debug;
		};
		7333B19820A2E2B300FB3AA4 /* Release */ = {
			isa = XCBuildConfiguration;
			baseConfigurationReference = CC949EA2FD07E458C12103E5 /* Pods-tomato.release.xcconfig */;
			buildSettings = {
				ASSETCATALOG_COMPILER_APPICON_NAME = AppIcon;
				CODE_SIGN_STYLE = Automatic;
				DEVELOPMENT_TEAM = VNAV5S2KU6;
				INFOPLIST_FILE = tomato/Info.plist;
				LD_RUNPATH_SEARCH_PATHS = "$(inherited) @executable_path/Frameworks";
				PRODUCT_BUNDLE_IDENTIFIER = jp.88company.tomato;
				PRODUCT_NAME = "$(TARGET_NAME)";
				SWIFT_VERSION = 4.0;
				TARGETED_DEVICE_FAMILY = "1,2";
			};
			name = Release;
		};
/* End XCBuildConfiguration section */

/* Begin XCConfigurationList section */
		7333B17C20A2E2B100FB3AA4 /* Build configuration list for PBXProject "tomato" */ = {
			isa = XCConfigurationList;
			buildConfigurations = (
				7333B19420A2E2B300FB3AA4 /* Debug */,
				7333B19520A2E2B300FB3AA4 /* Release */,
			);
			defaultConfigurationIsVisible = 0;
			defaultConfigurationName = Release;
		};
		7333B19620A2E2B300FB3AA4 /* Build configuration list for PBXNativeTarget "tomato" */ = {
			isa = XCConfigurationList;
			buildConfigurations = (
				7333B19720A2E2B300FB3AA4 /* Debug */,
				7333B19820A2E2B300FB3AA4 /* Release */,
			);
			defaultConfigurationIsVisible = 0;
			defaultConfigurationName = Release;
		};
/* End XCConfigurationList section */

/* Begin XCVersionGroup section */
		7333B18B20A2E2B100FB3AA4 /* tomato.xcdatamodeld */ = {
			isa = XCVersionGroup;
			children = (
				7333B18C20A2E2B100FB3AA4 /* tomato.xcdatamodel */,
			);
			currentVersion = 7333B18C20A2E2B100FB3AA4 /* tomato.xcdatamodel */;
			path = tomato.xcdatamodeld;
			sourceTree = "<group>";
			versionGroupType = wrapper.xcdatamodel;
		};
/* End XCVersionGroup section */
	};
	rootObject = 7333B17920A2E2B100FB3AA4 /* Project object */;
}
